// !$*UTF8*$!
{
	archiveVersion = 1;
	classes = {
	};
	objectVersion = 50;
	objects = {

/* Begin PBXBuildFile section */
		527C77F22583C9A0002256E0 /* AppDelegate.swift in Sources */ = {isa = PBXBuildFile; fileRef = 527C77F12583C9A0002256E0 /* AppDelegate.swift */; };
		527C77F42583C9A0002256E0 /* SceneDelegate.swift in Sources */ = {isa = PBXBuildFile; fileRef = 527C77F32583C9A0002256E0 /* SceneDelegate.swift */; };
		527C77F62583C9A0002256E0 /* ViewController.swift in Sources */ = {isa = PBXBuildFile; fileRef = 527C77F52583C9A0002256E0 /* ViewController.swift */; };
		527C77F92583C9A0002256E0 /* Main.storyboard in Resources */ = {isa = PBXBuildFile; fileRef = 527C77F72583C9A0002256E0 /* Main.storyboard */; };
		527C77FB2583C9A1002256E0 /* Assets.xcassets in Resources */ = {isa = PBXBuildFile; fileRef = 527C77FA2583C9A1002256E0 /* Assets.xcassets */; };
		527C77FE2583C9A1002256E0 /* LaunchScreen.storyboard in Resources */ = {isa = PBXBuildFile; fileRef = 527C77FC2583C9A1002256E0 /* LaunchScreen.storyboard */; };
		527C78092583C9A1002256E0 /* EncryptionDecryptionProjectTests.swift in Sources */ = {isa = PBXBuildFile; fileRef = 527C78082583C9A1002256E0 /* EncryptionDecryptionProjectTests.swift */; };
		527C78142583C9A1002256E0 /* EncryptionDecryptionProjectUITests.swift in Sources */ = {isa = PBXBuildFile; fileRef = 527C78132583C9A1002256E0 /* EncryptionDecryptionProjectUITests.swift */; };
/* End PBXBuildFile section */

/* Begin PBXContainerItemProxy section */
		527C78052583C9A1002256E0 /* PBXContainerItemProxy */ = {
			isa = PBXContainerItemProxy;
			containerPortal = 527C77E62583C9A0002256E0 /* Project object */;
			proxyType = 1;
			remoteGlobalIDString = 527C77ED2583C9A0002256E0;
			remoteInfo = EncryptionDecryptionProject;
		};
		527C78102583C9A1002256E0 /* PBXContainerItemProxy */ = {
			isa = PBXContainerItemProxy;
			containerPortal = 527C77E62583C9A0002256E0 /* Project object */;
			proxyType = 1;
			remoteGlobalIDString = 527C77ED2583C9A0002256E0;
			remoteInfo = EncryptionDecryptionProject;
		};
/* End PBXContainerItemProxy section */

/* Begin PBXFileReference section */
		527C77EE2583C9A0002256E0 /* EncryptionDecryptionProject.app */ = {isa = PBXFileReference; explicitFileType = wrapper.application; includeInIndex = 0; path = EncryptionDecryptionProject.app; sourceTree = BUILT_PRODUCTS_DIR; };
		527C77F12583C9A0002256E0 /* AppDelegate.swift */ = {isa = PBXFileReference; lastKnownFileType = sourcecode.swift; path = AppDelegate.swift; sourceTree = "<group>"; };
		527C77F32583C9A0002256E0 /* SceneDelegate.swift */ = {isa = PBXFileReference; lastKnownFileType = sourcecode.swift; path = SceneDelegate.swift; sourceTree = "<group>"; };
		527C77F52583C9A0002256E0 /* ViewController.swift */ = {isa = PBXFileReference; lastKnownFileType = sourcecode.swift; path = ViewController.swift; sourceTree = "<group>"; };
		527C77F82583C9A0002256E0 /* Base */ = {isa = PBXFileReference; lastKnownFileType = file.storyboard; name = Base; path = Base.lproj/Main.storyboard; sourceTree = "<group>"; };
		527C77FA2583C9A1002256E0 /* Assets.xcassets */ = {isa = PBXFileReference; lastKnownFileType = folder.assetcatalog; path = Assets.xcassets; sourceTree = "<group>"; };
		527C77FD2583C9A1002256E0 /* Base */ = {isa = PBXFileReference; lastKnownFileType = file.storyboard; name = Base; path = Base.lproj/LaunchScreen.storyboard; sourceTree = "<group>"; };
		527C77FF2583C9A1002256E0 /* Info.plist */ = {isa = PBXFileReference; lastKnownFileType = text.plist.xml; path = Info.plist; sourceTree = "<group>"; };
		527C78042583C9A1002256E0 /* EncryptionDecryptionProjectTests.xctest */ = {isa = PBXFileReference; explicitFileType = wrapper.cfbundle; includeInIndex = 0; path = EncryptionDecryptionProjectTests.xctest; sourceTree = BUILT_PRODUCTS_DIR; };
		527C78082583C9A1002256E0 /* EncryptionDecryptionProjectTests.swift */ = {isa = PBXFileReference; lastKnownFileType = sourcecode.swift; path = EncryptionDecryptionProjectTests.swift; sourceTree = "<group>"; };
		527C780A2583C9A1002256E0 /* Info.plist */ = {isa = PBXFileReference; lastKnownFileType = text.plist.xml; path = Info.plist; sourceTree = "<group>"; };
		527C780F2583C9A1002256E0 /* EncryptionDecryptionProjectUITests.xctest */ = {isa = PBXFileReference; explicitFileType = wrapper.cfbundle; includeInIndex = 0; path = EncryptionDecryptionProjectUITests.xctest; sourceTree = BUILT_PRODUCTS_DIR; };
		527C78132583C9A1002256E0 /* EncryptionDecryptionProjectUITests.swift */ = {isa = PBXFileReference; lastKnownFileType = sourcecode.swift; path = EncryptionDecryptionProjectUITests.swift; sourceTree = "<group>"; };
		527C78152583C9A1002256E0 /* Info.plist */ = {isa = PBXFileReference; lastKnownFileType = text.plist.xml; path = Info.plist; sourceTree = "<group>"; };
/* End PBXFileReference section */

/* Begin PBXFrameworksBuildPhase section */
		527C77EB2583C9A0002256E0 /* Frameworks */ = {
			isa = PBXFrameworksBuildPhase;
			buildActionMask = 2147483647;
			files = (
			);
			runOnlyForDeploymentPostprocessing = 0;
		};
		527C78012583C9A1002256E0 /* Frameworks */ = {
			isa = PBXFrameworksBuildPhase;
			buildActionMask = 2147483647;
			files = (
			);
			runOnlyForDeploymentPostprocessing = 0;
		};
		527C780C2583C9A1002256E0 /* Frameworks */ = {
			isa = PBXFrameworksBuildPhase;
			buildActionMask = 2147483647;
			files = (
			);
			runOnlyForDeploymentPostprocessing = 0;
		};
/* End PBXFrameworksBuildPhase section */

/* Begin PBXGroup section */
		527C77E52583C9A0002256E0 = {
			isa = PBXGroup;
			children = (
				527C77F02583C9A0002256E0 /* EncryptionDecryptionProject */,
				527C78072583C9A1002256E0 /* EncryptionDecryptionProjectTests */,
				527C78122583C9A1002256E0 /* EncryptionDecryptionProjectUITests */,
				527C77EF2583C9A0002256E0 /* Products */,
			);
			sourceTree = "<group>";
		};
		527C77EF2583C9A0002256E0 /* Products */ = {
			isa = PBXGroup;
			children = (
				527C77EE2583C9A0002256E0 /* EncryptionDecryptionProject.app */,
				527C78042583C9A1002256E0 /* EncryptionDecryptionProjectTests.xctest */,
				527C780F2583C9A1002256E0 /* EncryptionDecryptionProjectUITests.xctest */,
			);
			name = Products;
			sourceTree = "<group>";
		};
		527C77F02583C9A0002256E0 /* EncryptionDecryptionProject */ = {
			isa = PBXGroup;
			children = (
				527C77F12583C9A0002256E0 /* AppDelegate.swift */,
				527C77F32583C9A0002256E0 /* SceneDelegate.swift */,
				527C77F52583C9A0002256E0 /* ViewController.swift */,
				527C77F72583C9A0002256E0 /* Main.storyboard */,
				527C77FA2583C9A1002256E0 /* Assets.xcassets */,
				527C77FC2583C9A1002256E0 /* LaunchScreen.storyboard */,
				527C77FF2583C9A1002256E0 /* Info.plist */,
			);
			path = EncryptionDecryptionProject;
			sourceTree = "<group>";
		};
		527C78072583C9A1002256E0 /* EncryptionDecryptionProjectTests */ = {
			isa = PBXGroup;
			children = (
				527C78082583C9A1002256E0 /* EncryptionDecryptionProjectTests.swift */,
				527C780A2583C9A1002256E0 /* Info.plist */,
			);
			path = EncryptionDecryptionProjectTests;
			sourceTree = "<group>";
		};
		527C78122583C9A1002256E0 /* EncryptionDecryptionProjectUITests */ = {
			isa = PBXGroup;
			children = (
				527C78132583C9A1002256E0 /* EncryptionDecryptionProjectUITests.swift */,
				527C78152583C9A1002256E0 /* Info.plist */,
			);
			path = EncryptionDecryptionProjectUITests;
			sourceTree = "<group>";
		};
/* End PBXGroup section */

/* Begin PBXNativeTarget section */
		527C77ED2583C9A0002256E0 /* EncryptionDecryptionProject */ = {
			isa = PBXNativeTarget;
			buildConfigurationList = 527C78182583C9A1002256E0 /* Build configuration list for PBXNativeTarget "EncryptionDecryptionProject" */;
			buildPhases = (
				527C77EA2583C9A0002256E0 /* Sources */,
				527C77EB2583C9A0002256E0 /* Frameworks */,
				527C77EC2583C9A0002256E0 /* Resources */,
			);
			buildRules = (
			);
			dependencies = (
			);
			name = EncryptionDecryptionProject;
			productName = EncryptionDecryptionProject;
			productReference = 527C77EE2583C9A0002256E0 /* EncryptionDecryptionProject.app */;
			productType = "com.apple.product-type.application";
		};
		527C78032583C9A1002256E0 /* EncryptionDecryptionProjectTests */ = {
			isa = PBXNativeTarget;
			buildConfigurationList = 527C781B2583C9A1002256E0 /* Build configuration list for PBXNativeTarget "EncryptionDecryptionProjectTests" */;
			buildPhases = (
				527C78002583C9A1002256E0 /* Sources */,
				527C78012583C9A1002256E0 /* Frameworks */,
				527C78022583C9A1002256E0 /* Resources */,
			);
			buildRules = (
			);
			dependencies = (
				527C78062583C9A1002256E0 /* PBXTargetDependency */,
			);
			name = EncryptionDecryptionProjectTests;
			productName = EncryptionDecryptionProjectTests;
			productReference = 527C78042583C9A1002256E0 /* EncryptionDecryptionProjectTests.xctest */;
			productType = "com.apple.product-type.bundle.unit-test";
		};
		527C780E2583C9A1002256E0 /* EncryptionDecryptionProjectUITests */ = {
			isa = PBXNativeTarget;
			buildConfigurationList = 527C781E2583C9A1002256E0 /* Build configuration list for PBXNativeTarget "EncryptionDecryptionProjectUITests" */;
			buildPhases = (
				527C780B2583C9A1002256E0 /* Sources */,
				527C780C2583C9A1002256E0 /* Frameworks */,
				527C780D2583C9A1002256E0 /* Resources */,
			);
			buildRules = (
			);
			dependencies = (
				527C78112583C9A1002256E0 /* PBXTargetDependency */,
			);
			name = EncryptionDecryptionProjectUITests;
			productName = EncryptionDecryptionProjectUITests;
			productReference = 527C780F2583C9A1002256E0 /* EncryptionDecryptionProjectUITests.xctest */;
			productType = "com.apple.product-type.bundle.ui-testing";
		};
/* End PBXNativeTarget section */

/* Begin PBXProject section */
		527C77E62583C9A0002256E0 /* Project object */ = {
			isa = PBXProject;
			attributes = {
				LastSwiftUpdateCheck = 1220;
				LastUpgradeCheck = 1220;
				TargetAttributes = {
					527C77ED2583C9A0002256E0 = {
						CreatedOnToolsVersion = 12.2;
					};
					527C78032583C9A1002256E0 = {
						CreatedOnToolsVersion = 12.2;
						TestTargetID = 527C77ED2583C9A0002256E0;
					};
					527C780E2583C9A1002256E0 = {
						CreatedOnToolsVersion = 12.2;
						TestTargetID = 527C77ED2583C9A0002256E0;
					};
				};
			};
			buildConfigurationList = 527C77E92583C9A0002256E0 /* Build configuration list for PBXProject "EncryptionDecryptionProject" */;
			compatibilityVersion = "Xcode 9.3";
			developmentRegion = en;
			hasScannedForEncodings = 0;
			knownRegions = (
				en,
				Base,
			);
			mainGroup = 527C77E52583C9A0002256E0;
			productRefGroup = 527C77EF2583C9A0002256E0 /* Products */;
			projectDirPath = "";
			projectRoot = "";
			targets = (
				527C77ED2583C9A0002256E0 /* EncryptionDecryptionProject */,
				527C78032583C9A1002256E0 /* EncryptionDecryptionProjectTests */,
				527C780E2583C9A1002256E0 /* EncryptionDecryptionProjectUITests */,
			);
		};
/* End PBXProject section */

/* Begin PBXResourcesBuildPhase section */
		527C77EC2583C9A0002256E0 /* Resources */ = {
			isa = PBXResourcesBuildPhase;
			buildActionMask = 2147483647;
			files = (
				527C77FE2583C9A1002256E0 /* LaunchScreen.storyboard in Resources */,
				527C77FB2583C9A1002256E0 /* Assets.xcassets in Resources */,
				527C77F92583C9A0002256E0 /* Main.storyboard in Resources */,
			);
			runOnlyForDeploymentPostprocessing = 0;
		};
		527C78022583C9A1002256E0 /* Resources */ = {
			isa = PBXResourcesBuildPhase;
			buildActionMask = 2147483647;
			files = (
			);
			runOnlyForDeploymentPostprocessing = 0;
		};
		527C780D2583C9A1002256E0 /* Resources */ = {
			isa = PBXResourcesBuildPhase;
			buildActionMask = 2147483647;
			files = (
			);
			runOnlyForDeploymentPostprocessing = 0;
		};
/* End PBXResourcesBuildPhase section */

/* Begin PBXSourcesBuildPhase section */
		527C77EA2583C9A0002256E0 /* Sources */ = {
			isa = PBXSourcesBuildPhase;
			buildActionMask = 2147483647;
			files = (
				527C77F62583C9A0002256E0 /* ViewController.swift in Sources */,
				527C77F22583C9A0002256E0 /* AppDelegate.swift in Sources */,
				527C77F42583C9A0002256E0 /* SceneDelegate.swift in Sources */,
			);
			runOnlyForDeploymentPostprocessing = 0;
		};
		527C78002583C9A1002256E0 /* Sources */ = {
			isa = PBXSourcesBuildPhase;
			buildActionMask = 2147483647;
			files = (
				527C78092583C9A1002256E0 /* EncryptionDecryptionProjectTests.swift in Sources */,
			);
			runOnlyForDeploymentPostprocessing = 0;
		};
		527C780B2583C9A1002256E0 /* Sources */ = {
			isa = PBXSourcesBuildPhase;
			buildActionMask = 2147483647;
			files = (
				527C78142583C9A1002256E0 /* EncryptionDecryptionProjectUITests.swift in Sources */,
			);
			runOnlyForDeploymentPostprocessing = 0;
		};
/* End PBXSourcesBuildPhase section */

/* Begin PBXTargetDependency section */
		527C78062583C9A1002256E0 /* PBXTargetDependency */ = {
			isa = PBXTargetDependency;
			target = 527C77ED2583C9A0002256E0 /* EncryptionDecryptionProject */;
			targetProxy = 527C78052583C9A1002256E0 /* PBXContainerItemProxy */;
		};
		527C78112583C9A1002256E0 /* PBXTargetDependency */ = {
			isa = PBXTargetDependency;
			target = 527C77ED2583C9A0002256E0 /* EncryptionDecryptionProject */;
			targetProxy = 527C78102583C9A1002256E0 /* PBXContainerItemProxy */;
		};
/* End PBXTargetDependency section */

/* Begin PBXVariantGroup section */
		527C77F72583C9A0002256E0 /* Main.storyboard */ = {
			isa = PBXVariantGroup;
			children = (
				527C77F82583C9A0002256E0 /* Base */,
			);
			name = Main.storyboard;
			sourceTree = "<group>";
		};
		527C77FC2583C9A1002256E0 /* LaunchScreen.storyboard */ = {
			isa = PBXVariantGroup;
			children = (
				527C77FD2583C9A1002256E0 /* Base */,
			);
			name = LaunchScreen.storyboard;
			sourceTree = "<group>";
		};
/* End PBXVariantGroup section */

/* Begin XCBuildConfiguration section */
		527C78162583C9A1002256E0 /* Debug */ = {
			isa = XCBuildConfiguration;
			buildSettings = {
				ALWAYS_SEARCH_USER_PATHS = NO;
				CLANG_ANALYZER_NONNULL = YES;
				CLANG_ANALYZER_NUMBER_OBJECT_CONVERSION = YES_AGGRESSIVE;
				CLANG_CXX_LANGUAGE_STANDARD = "gnu++14";
				CLANG_CXX_LIBRARY = "libc++";
				CLANG_ENABLE_MODULES = YES;
				CLANG_ENABLE_OBJC_ARC = YES;
				CLANG_ENABLE_OBJC_WEAK = YES;
				CLANG_WARN_BLOCK_CAPTURE_AUTORELEASING = YES;
				CLANG_WARN_BOOL_CONVERSION = YES;
				CLANG_WARN_COMMA = YES;
				CLANG_WARN_CONSTANT_CONVERSION = YES;
				CLANG_WARN_DEPRECATED_OBJC_IMPLEMENTATIONS = YES;
				CLANG_WARN_DIRECT_OBJC_ISA_USAGE = YES_ERROR;
				CLANG_WARN_DOCUMENTATION_COMMENTS = YES;
				CLANG_WARN_EMPTY_BODY = YES;
				CLANG_WARN_ENUM_CONVERSION = YES;
				CLANG_WARN_INFINITE_RECURSION = YES;
				CLANG_WARN_INT_CONVERSION = YES;
				CLANG_WARN_NON_LITERAL_NULL_CONVERSION = YES;
				CLANG_WARN_OBJC_IMPLICIT_RETAIN_SELF = YES;
				CLANG_WARN_OBJC_LITERAL_CONVERSION = YES;
				CLANG_WARN_OBJC_ROOT_CLASS = YES_ERROR;
				CLANG_WARN_QUOTED_INCLUDE_IN_FRAMEWORK_HEADER = YES;
				CLANG_WARN_RANGE_LOOP_ANALYSIS = YES;
				CLANG_WARN_STRICT_PROTOTYPES = YES;
				CLANG_WARN_SUSPICIOUS_MOVE = YES;
				CLANG_WARN_UNGUARDED_AVAILABILITY = YES_AGGRESSIVE;
				CLANG_WARN_UNREACHABLE_CODE = YES;
				CLANG_WARN__DUPLICATE_METHOD_MATCH = YES;
				COPY_PHASE_STRIP = NO;
				DEBUG_INFORMATION_FORMAT = dwarf;
				ENABLE_STRICT_OBJC_MSGSEND = YES;
				ENABLE_TESTABILITY = YES;
				GCC_C_LANGUAGE_STANDARD = gnu11;
				GCC_DYNAMIC_NO_PIC = NO;
				GCC_NO_COMMON_BLOCKS = YES;
				GCC_OPTIMIZATION_LEVEL = 0;
				GCC_PREPROCESSOR_DEFINITIONS = (
					"DEBUG=1",
					"$(inherited)",
				);
				GCC_WARN_64_TO_32_BIT_CONVERSION = YES;
				GCC_WARN_ABOUT_RETURN_TYPE = YES_ERROR;
				GCC_WARN_UNDECLARED_SELECTOR = YES;
				GCC_WARN_UNINITIALIZED_AUTOS = YES_AGGRESSIVE;
				GCC_WARN_UNUSED_FUNCTION = YES;
				GCC_WARN_UNUSED_VARIABLE = YES;
				IPHONEOS_DEPLOYMENT_TARGET = 14.2;
				MTL_ENABLE_DEBUG_INFO = INCLUDE_SOURCE;
				MTL_FAST_MATH = YES;
				ONLY_ACTIVE_ARCH = YES;
				SDKROOT = iphoneos;
				SWIFT_ACTIVE_COMPILATION_CONDITIONS = DEBUG;
				SWIFT_OPTIMIZATION_LEVEL = "-Onone";
			};
			name = Debug;
		};
		527C78172583C9A1002256E0 /* Release */ = {
			isa = XCBuildConfiguration;
			buildSettings = {
				ALWAYS_SEARCH_USER_PATHS = NO;
				CLANG_ANALYZER_NONNULL = YES;
				CLANG_ANALYZER_NUMBER_OBJECT_CONVERSION = YES_AGGRESSIVE;
				CLANG_CXX_LANGUAGE_STANDARD = "gnu++14";
				CLANG_CXX_LIBRARY = "libc++";
				CLANG_ENABLE_MODULES = YES;
				CLANG_ENABLE_OBJC_ARC = YES;
				CLANG_ENABLE_OBJC_WEAK = YES;
				CLANG_WARN_BLOCK_CAPTURE_AUTORELEASING = YES;
				CLANG_WARN_BOOL_CONVERSION = YES;
				CLANG_WARN_COMMA = YES;
				CLANG_WARN_CONSTANT_CONVERSION = YES;
				CLANG_WARN_DEPRECATED_OBJC_IMPLEMENTATIONS = YES;
				CLANG_WARN_DIRECT_OBJC_ISA_USAGE = YES_ERROR;
				CLANG_WARN_DOCUMENTATION_COMMENTS = YES;
				CLANG_WARN_EMPTY_BODY = YES;
				CLANG_WARN_ENUM_CONVERSION = YES;
				CLANG_WARN_INFINITE_RECURSION = YES;
				CLANG_WARN_INT_CONVERSION = YES;
				CLANG_WARN_NON_LITERAL_NULL_CONVERSION = YES;
				CLANG_WARN_OBJC_IMPLICIT_RETAIN_SELF = YES;
				CLANG_WARN_OBJC_LITERAL_CONVERSION = YES;
				CLANG_WARN_OBJC_ROOT_CLASS = YES_ERROR;
				CLANG_WARN_QUOTED_INCLUDE_IN_FRAMEWORK_HEADER = YES;
				CLANG_WARN_RANGE_LOOP_ANALYSIS = YES;
				CLANG_WARN_STRICT_PROTOTYPES = YES;
				CLANG_WARN_SUSPICIOUS_MOVE = YES;
				CLANG_WARN_UNGUARDED_AVAILABILITY = YES_AGGRESSIVE;
				CLANG_WARN_UNREACHABLE_CODE = YES;
				CLANG_WARN__DUPLICATE_METHOD_MATCH = YES;
				COPY_PHASE_STRIP = NO;
				DEBUG_INFORMATION_FORMAT = "dwarf-with-dsym";
				ENABLE_NS_ASSERTIONS = NO;
				ENABLE_STRICT_OBJC_MSGSEND = YES;
				GCC_C_LANGUAGE_STANDARD = gnu11;
				GCC_NO_COMMON_BLOCKS = YES;
				GCC_WARN_64_TO_32_BIT_CONVERSION = YES;
				GCC_WARN_ABOUT_RETURN_TYPE = YES_ERROR;
				GCC_WARN_UNDECLARED_SELECTOR = YES;
				GCC_WARN_UNINITIALIZED_AUTOS = YES_AGGRESSIVE;
				GCC_WARN_UNUSED_FUNCTION = YES;
				GCC_WARN_UNUSED_VARIABLE = YES;
				IPHONEOS_DEPLOYMENT_TARGET = 14.2;
				MTL_ENABLE_DEBUG_INFO = NO;
				MTL_FAST_MATH = YES;
				SDKROOT = iphoneos;
				SWIFT_COMPILATION_MODE = wholemodule;
				SWIFT_OPTIMIZATION_LEVEL = "-O";
				VALIDATE_PRODUCT = YES;
			};
			name = Release;
		};
		527C78192583C9A1002256E0 /* Debug */ = {
			isa = XCBuildConfiguration;
			buildSettings = {
				ASSETCATALOG_COMPILER_APPICON_NAME = AppIcon;
				ASSETCATALOG_COMPILER_GLOBAL_ACCENT_COLOR_NAME = AccentColor;
				CODE_SIGN_STYLE = Automatic;
				INFOPLIST_FILE = EncryptionDecryptionProject/Info.plist;
				LD_RUNPATH_SEARCH_PATHS = (
					"$(inherited)",
					"@executable_path/Frameworks",
				);
				PRODUCT_BUNDLE_IDENTIFIER = kingsleyenoka.EncryptionDecryptionProject;
				PRODUCT_NAME = "$(TARGET_NAME)";
				SWIFT_VERSION = 5.0;
				TARGETED_DEVICE_FAMILY = "1,2";
			};
			name = Debug;
		};
		527C781A2583C9A1002256E0 /* Release */ = {
			isa = XCBuildConfiguration;
			buildSettings = {
				ASSETCATALOG_COMPILER_APPICON_NAME = AppIcon;
				ASSETCATALOG_COMPILER_GLOBAL_ACCENT_COLOR_NAME = AccentColor;
				CODE_SIGN_STYLE = Automatic;
				INFOPLIST_FILE = EncryptionDecryptionProject/Info.plist;
				LD_RUNPATH_SEARCH_PATHS = (
					"$(inherited)",
					"@executable_path/Frameworks",
				);
				PRODUCT_BUNDLE_IDENTIFIER = kingsleyenoka.EncryptionDecryptionProject;
				PRODUCT_NAME = "$(TARGET_NAME)";
				SWIFT_VERSION = 5.0;
				TARGETED_DEVICE_FAMILY = "1,2";
			};
			name = Release;
		};
		527C781C2583C9A1002256E0 /* Debug */ = {
			isa = XCBuildConfiguration;
			buildSettings = {
				ALWAYS_EMBED_SWIFT_STANDARD_LIBRARIES = YES;
				BUNDLE_LOADER = "$(TEST_HOST)";
				CODE_SIGN_STYLE = Automatic;
				INFOPLIST_FILE = EncryptionDecryptionProjectTests/Info.plist;
				IPHONEOS_DEPLOYMENT_TARGET = 14.2;
				LD_RUNPATH_SEARCH_PATHS = (
					"$(inherited)",
					"@executable_path/Frameworks",
					"@loader_path/Frameworks",
				);
				PRODUCT_BUNDLE_IDENTIFIER = kingsleyenoka.EncryptionDecryptionProjectTests;
				PRODUCT_NAME = "$(TARGET_NAME)";
				SWIFT_VERSION = 5.0;
				TARGETED_DEVICE_FAMILY = "1,2";
				TEST_HOST = "$(BUILT_PRODUCTS_DIR)/EncryptionDecryptionProject.app/EncryptionDecryptionProject";
			};
			name = Debug;
		};
		527C781D2583C9A1002256E0 /* Release */ = {
			isa = XCBuildConfiguration;
			buildSettings = {
				ALWAYS_EMBED_SWIFT_STANDARD_LIBRARIES = YES;
				BUNDLE_LOADER = "$(TEST_HOST)";
				CODE_SIGN_STYLE = Automatic;
				INFOPLIST_FILE = EncryptionDecryptionProjectTests/Info.plist;
				IPHONEOS_DEPLOYMENT_TARGET = 14.2;
				LD_RUNPATH_SEARCH_PATHS = (
					"$(inherited)",
					"@executable_path/Frameworks",
					"@loader_path/Frameworks",
				);
				PRODUCT_BUNDLE_IDENTIFIER = kingsleyenoka.EncryptionDecryptionProjectTests;
				PRODUCT_NAME = "$(TARGET_NAME)";
				SWIFT_VERSION = 5.0;
				TARGETED_DEVICE_FAMILY = "1,2";
				TEST_HOST = "$(BUILT_PRODUCTS_DIR)/EncryptionDecryptionProject.app/EncryptionDecryptionProject";
			};
			name = Release;
		};
		527C781F2583C9A1002256E0 /* Debug */ = {
			isa = XCBuildConfiguration;
			buildSettings = {
				ALWAYS_EMBED_SWIFT_STANDARD_LIBRARIES = YES;
				CODE_SIGN_STYLE = Automatic;
				INFOPLIST_FILE = EncryptionDecryptionProjectUITests/Info.plist;
				LD_RUNPATH_SEARCH_PATHS = (
					"$(inherited)",
					"@executable_path/Frameworks",
					"@loader_path/Frameworks",
				);
				PRODUCT_BUNDLE_IDENTIFIER = kingsleyenoka.EncryptionDecryptionProjectUITests;
				PRODUCT_NAME = "$(TARGET_NAME)";
				SWIFT_VERSION = 5.0;
				TARGETED_DEVICE_FAMILY = "1,2";
				TEST_TARGET_NAME = EncryptionDecryptionProject;
			};
			name = Debug;
		};
		527C78202583C9A1002256E0 /* Release */ = {
			isa = XCBuildConfiguration;
			buildSettings = {
				ALWAYS_EMBED_SWIFT_STANDARD_LIBRARIES = YES;
				CODE_SIGN_STYLE = Automatic;
				INFOPLIST_FILE = EncryptionDecryptionProjectUITests/Info.plist;
				LD_RUNPATH_SEARCH_PATHS = (
					"$(inherited)",
					"@executable_path/Frameworks",
					"@loader_path/Frameworks",
				);
				PRODUCT_BUNDLE_IDENTIFIER = kingsleyenoka.EncryptionDecryptionProjectUITests;
				PRODUCT_NAME = "$(TARGET_NAME)";
				SWIFT_VERSION = 5.0;
				TARGETED_DEVICE_FAMILY = "1,2";
				TEST_TARGET_NAME = EncryptionDecryptionProject;
			};
			name = Release;
		};
/* End XCBuildConfiguration section */

/* Begin XCConfigurationList section */
		527C77E92583C9A0002256E0 /* Build configuration list for PBXProject "EncryptionDecryptionProject" */ = {
			isa = XCConfigurationList;
			buildConfigurations = (
				527C78162583C9A1002256E0 /* Debug */,
				527C78172583C9A1002256E0 /* Release */,
			);
			defaultConfigurationIsVisible = 0;
			defaultConfigurationName = Release;
		};
		527C78182583C9A1002256E0 /* Build configuration list for PBXNativeTarget "EncryptionDecryptionProject" */ = {
			isa = XCConfigurationList;
			buildConfigurations = (
				527C78192583C9A1002256E0 /* Debug */,
				527C781A2583C9A1002256E0 /* Release */,
			);
			defaultConfigurationIsVisible = 0;
			defaultConfigurationName = Release;
		};
		527C781B2583C9A1002256E0 /* Build configuration list for PBXNativeTarget "EncryptionDecryptionProjectTests" */ = {
			isa = XCConfigurationList;
			buildConfigurations = (
				527C781C2583C9A1002256E0 /* Debug */,
				527C781D2583C9A1002256E0 /* Release */,
			);
			defaultConfigurationIsVisible = 0;
			defaultConfigurationName = Release;
		};
		527C781E2583C9A1002256E0 /* Build configuration list for PBXNativeTarget "EncryptionDecryptionProjectUITests" */ = {
			isa = XCConfigurationList;
			buildConfigurations = (
				527C781F2583C9A1002256E0 /* Debug */,
				527C78202583C9A1002256E0 /* Release */,
			);
			defaultConfigurationIsVisible = 0;
			defaultConfigurationName = Release;
		};
/* End XCConfigurationList section */
	};
	rootObject = 527C77E62583C9A0002256E0 /* Project object */;
}
